<?xml version="1.0" encoding="utf-8"?>
<Project ToolsVersion="4.0" xmlns="http://schemas.microsoft.com/developer/msbuild/2003">
  <ItemGroup>
    <Filter Include="Source Files">
      <UniqueIdentifier>{4FC737F1-C7A5-4376-A066-2A32D752A2FF}</UniqueIdentifier>
      <Extensions>cpp;c;cc;cxx;c++;cppm;ixx;def;odl;idl;hpj;bat;asm;asmx</Extensions>
    </Filter>
    <Filter Include="Header Files">
      <UniqueIdentifier>{93995380-89BD-4b04-88EB-625FBE52EBFB}</UniqueIdentifier>
      <Extensions>h;hh;hpp;hxx;h++;hm;inl;inc;ipp;xsd</Extensions>
    </Filter>
    <Filter Include="Resource Files">
      <UniqueIdentifier>{67DA6AB6-F800-4c08-8B7A-83BB121AAD01}</UniqueIdentifier>
      <Extensions>rc;ico;cur;bmp;dlg;rc2;rct;bin;rgs;gif;jpg;jpeg;jpe;resx;tiff;tif;png;wav;mfcribbon-ms</Extensions>
    </Filter>
  </ItemGroup>
  <ItemGroup>
    <ClCompile Include="main.cpp">
      <Filter>Source Files</Filter>
    </ClCompile>
    <ClCompile Include="pch\pch.cpp">
      <Filter>Source Files</Filter>
    </ClCompile>
    <ClCompile Include="sdk\impl\windows.cpp">
      <Filter>Source Files</Filter>
    </ClCompile>
    <ClCompile Include="sdk\impl\string.cpp">
      <Filter>Source Files</Filter>
    </ClCompile>
    <ClCompile Include="client\client.cpp">
      <Filter>Source Files</Filter>
    </ClCompile>
    <ClCompile Include="client\interop\impl\java_array.cpp">
      <Filter>Source Files</Filter>
    </ClCompile>
    <ClCompile Include="client\interop\impl\java_class.cpp">
      <Filter>Source Files</Filter>
    </ClCompile>
    <ClCompile Include="client\interop\impl\java_field.cpp">
      <Filter>Source Files</Filter>
    </ClCompile>
    <ClCompile Include="client\interop\impl\java_method.cpp">
      <Filter>Source Files</Filter>
    </ClCompile>
    <ClCompile Include="client\interop\impl\java_object.cpp">
      <Filter>Source Files</Filter>
    </ClCompile>
    <ClCompile Include="client\interop\impl\java_string.cpp">
      <Filter>Source Files</Filter>
    </ClCompile>
    <ClCompile Include="client\interop\java_interop.cpp">
      <Filter>Source Files</Filter>
    </ClCompile>
    <ClCompile Include="sdk\errors\impl\clipboard.cpp">
      <Filter>Source Files</Filter>
    </ClCompile>
    <ClCompile Include="sdk\errors\impl\message.cpp">
      <Filter>Source Files</Filter>
    </ClCompile>
    <ClCompile Include="client\mapper\mapper.cpp">
      <Filter>Source Files</Filter>
    </ClCompile>
    <ClCompile Include="client\game\classes\impl\minecraft_t.cpp">
      <Filter>Source Files</Filter>
    </ClCompile>
    <ClCompile Include="client\game\mapped_class.cpp">
      <Filter>Source Files</Filter>
    </ClCompile>
    <ClCompile Include="client\render\impl\swapbuffers.cpp">
      <Filter>Source Files</Filter>
    </ClCompile>
    <ClCompile Include="client\render\render.cpp">
      <Filter>Source Files</Filter>
    </ClCompile>
    <ClCompile Include="ext\imgui\imgui.cpp">
      <Filter>Source Files</Filter>
    </ClCompile>
    <ClCompile Include="ext\imgui\imgui_demo.cpp">
      <Filter>Source Files</Filter>
    </ClCompile>
    <ClCompile Include="ext\imgui\imgui_draw.cpp">
      <Filter>Source Files</Filter>
    </ClCompile>
    <ClCompile Include="ext\imgui\imgui_impl_opengl3.cpp">
      <Filter>Source Files</Filter>
    </ClCompile>
    <ClCompile Include="ext\imgui\imgui_impl_win32.cpp">
      <Filter>Source Files</Filter>
    </ClCompile>
    <ClCompile Include="ext\imgui\imgui_tables.cpp">
      <Filter>Source Files</Filter>
    </ClCompile>
    <ClCompile Include="ext\imgui\imgui_widgets.cpp">
      <Filter>Source Files</Filter>
    </ClCompile>
    <ClCompile Include="ext\minhook\hde\hde32.c">
      <Filter>Source Files</Filter>
    </ClCompile>
    <ClCompile Include="ext\minhook\hde\hde64.c">
      <Filter>Source Files</Filter>
    </ClCompile>
    <ClCompile Include="ext\minhook\buffer.c">
      <Filter>Source Files</Filter>
    </ClCompile>
    <ClCompile Include="ext\minhook\hook.c">
      <Filter>Source Files</Filter>
    </ClCompile>
    <ClCompile Include="ext\minhook\trampoline.c">
      <Filter>Source Files</Filter>
    </ClCompile>
    <ClCompile Include="client\modules\modules.cpp">
      <Filter>Source Files</Filter>
    </ClCompile>
    <ClCompile Include="client\modules\module\impl\combat\leftclicker.cpp">
      <Filter>Source Files</Filter>
    </ClCompile>
    <ClCompile Include="client\game\context\g_context.cpp">
      <Filter>Source Files</Filter>
    </ClCompile>
    <ClCompile Include="client\game\classes\impl\hit_result_t.cpp">
      <Filter>Source Files</Filter>
    </ClCompile>
    <ClCompile Include="client\game\classes\game_classes.cpp">
      <Filter>Source Files</Filter>
    </ClCompile>
    <ClCompile Include="client\game\classes\impl\screen_t.cpp">
      <Filter>Source Files</Filter>
    </ClCompile>
    <ClCompile Include="client\game\classes\impl\item_stack_t.cpp">
      <Filter>Source Files</Filter>
    </ClCompile>
    <ClCompile Include="client\game\classes\impl\player_t.cpp">
      <Filter>Source Files</Filter>
    </ClCompile>
    <ClCompile Include="client\game\classes\impl\item_t.cpp">
      <Filter>Source Files</Filter>
    </ClCompile>
    <ClCompile Include="client\modules\module\impl\utility\rightclicker.cpp">
      <Filter>Source Files</Filter>
    </ClCompile>
    <ClCompile Include="client\modules\module\impl\render\fullbright.cpp">
      <Filter>Source Files</Filter>
    </ClCompile>
    <ClCompile Include="client\game\classes\impl\options_t.cpp">
      <Filter>Source Files</Filter>
    </ClCompile>
    <ClCompile Include="client\game\classes\impl\option_instance_t.cpp">
      <Filter>Source Files</Filter>
    </ClCompile>
    <ClCompile Include="client\modules\module\impl\movement\sprint.cpp">
      <Filter>Source Files</Filter>
    </ClCompile>
    <ClCompile Include="client\game\classes\impl\key_mapping_t.cpp">
      <Filter>Source Files</Filter>
    </ClCompile>
    <ClCompile Include="client\modules\module\impl\render\esp.cpp">
      <Filter>Source Files</Filter>
    </ClCompile>
    <ClCompile Include="client\game\classes\impl\camera_t.cpp">
      <Filter>Source Files</Filter>
    </ClCompile>
    <ClCompile Include="client\game\classes\impl\entity_render_dispatcher_t.cpp">
      <Filter>Source Files</Filter>
    </ClCompile>
    <ClCompile Include="client\game\classes\impl\aabb_t.cpp">
      <Filter>Source Files</Filter>
    </ClCompile>
    <ClCompile Include="client\modules\helpers\impl\visual.cpp">
      <Filter>Source Files</Filter>
    </ClCompile>
    <ClCompile Include="client\modules\helpers\helpers.cpp">
      <Filter>Source Files</Filter>
    </ClCompile>
    <ClCompile Include="client\modules\helpers\impl\gui.cpp">
      <Filter>Source Files</Filter>
    </ClCompile>
  </ItemGroup>
  <ItemGroup>
    <ClInclude Include="pch\pch.hpp">
      <Filter>Header Files</Filter>
    </ClInclude>
    <ClInclude Include="sdk\sdk.hpp">
      <Filter>Header Files</Filter>
    </ClInclude>
    <ClInclude Include="ext\skcrypt.hpp">
      <Filter>Header Files</Filter>
    </ClInclude>
    <ClInclude Include="ext\lazy_importer.hpp">
      <Filter>Header Files</Filter>
    </ClInclude>
    <ClInclude Include="client\client.hpp">
      <Filter>Header Files</Filter>
    </ClInclude>
    <ClInclude Include="client\interop\java_interop.hpp">
      <Filter>Header Files</Filter>
    </ClInclude>
    <ClInclude Include="sdk\errors\exceptions.hpp">
      <Filter>Header Files</Filter>
    </ClInclude>
    <ClInclude Include="context.hpp">
      <Filter>Header Files</Filter>
    </ClInclude>
    <ClInclude Include="client\mapper\mapper.hpp">
      <Filter>Header Files</Filter>
    </ClInclude>
    <ClInclude Include="client\game\mapped_class.hpp">
      <Filter>Header Files</Filter>
    </ClInclude>
    <ClInclude Include="client\game\classes\game_classes.hpp">
      <Filter>Header Files</Filter>
    </ClInclude>
    <ClInclude Include="client\render\render.hpp">
      <Filter>Header Files</Filter>
    </ClInclude>
    <ClInclude Include="ext\fonts\poppins.hpp">
      <Filter>Header Files</Filter>
    </ClInclude>
    <ClInclude Include="ext\imgui\imconfig.h">
      <Filter>Header Files</Filter>
    </ClInclude>
    <ClInclude Include="ext\imgui\imgui.h">
      <Filter>Header Files</Filter>
    </ClInclude>
    <ClInclude Include="ext\imgui\imgui_impl_opengl3.h">
      <Filter>Header Files</Filter>
    </ClInclude>
    <ClInclude Include="ext\imgui\imgui_impl_opengl3_loader.h">
      <Filter>Header Files</Filter>
    </ClInclude>
    <ClInclude Include="ext\imgui\imgui_impl_win32.h">
      <Filter>Header Files</Filter>
    </ClInclude>
    <ClInclude Include="ext\imgui\imgui_internal.h">
      <Filter>Header Files</Filter>
    </ClInclude>
    <ClInclude Include="ext\imgui\imstb_rectpack.h">
      <Filter>Header Files</Filter>
    </ClInclude>
    <ClInclude Include="ext\imgui\imstb_textedit.h">
      <Filter>Header Files</Filter>
    </ClInclude>
    <ClInclude Include="ext\imgui\imstb_truetype.h">
      <Filter>Header Files</Filter>
    </ClInclude>
    <ClInclude Include="ext\minhook\hde\hde32.h">
      <Filter>Header Files</Filter>
    </ClInclude>
    <ClInclude Include="ext\minhook\hde\hde64.h">
      <Filter>Header Files</Filter>
    </ClInclude>
    <ClInclude Include="ext\minhook\hde\pstdint.h">
      <Filter>Header Files</Filter>
    </ClInclude>
    <ClInclude Include="ext\minhook\hde\table32.h">
      <Filter>Header Files</Filter>
    </ClInclude>
    <ClInclude Include="ext\minhook\hde\table64.h">
      <Filter>Header Files</Filter>
    </ClInclude>
    <ClInclude Include="ext\minhook\buffer.h">
      <Filter>Header Files</Filter>
    </ClInclude>
    <ClInclude Include="ext\minhook\MinHook.h">
      <Filter>Header Files</Filter>
    </ClInclude>
    <ClInclude Include="ext\minhook\trampoline.h">
      <Filter>Header Files</Filter>
    </ClInclude>
    <ClInclude Include="client\modules\modules.hpp">
      <Filter>Header Files</Filter>
    </ClInclude>
    <ClInclude Include="client\modules\module\module.hpp">
      <Filter>Header Files</Filter>
    </ClInclude>
    <ClInclude Include="sdk\types\aabb.hpp">
      <Filter>Header Files</Filter>
    </ClInclude>
    <ClInclude Include="sdk\types\c_timer.hpp">
      <Filter>Header Files</Filter>
    </ClInclude>
    <ClInclude Include="sdk\types\color.hpp">
      <Filter>Header Files</Filter>
    </ClInclude>
    <ClInclude Include="sdk\types\raytrace_t.hpp">
      <Filter>Header Files</Filter>
    </ClInclude>
    <ClInclude Include="sdk\types\vec2.hpp">
      <Filter>Header Files</Filter>
    </ClInclude>
    <ClInclude Include="sdk\types\vec3.hpp">
      <Filter>Header Files</Filter>
    </ClInclude>
    <ClInclude Include="sdk\types\vec4.hpp">
      <Filter>Header Files</Filter>
    </ClInclude>
    <ClInclude Include="client\game\context\g_context.hpp">
      <Filter>Header Files</Filter>
    </ClInclude>
    <ClInclude Include="ext\stb_image.hpp">
      <Filter>Header Files</Filter>
    </ClInclude>
    <ClInclude Include="client\modules\helpers\helpers.hpp">
      <Filter>Header Files</Filter>
    </ClInclude>
    <ClInclude Include="sdk\types\matrix.hpp">
      <Filter>Header Files</Filter>
    </ClInclude>
    <ClInclude Include="ext\font.hpp">
      <Filter>Header Files</Filter>
    </ClInclude>
  </ItemGroup>
</Project>